// !$*UTF8*$!
{
	archiveVersion = 1;
	classes = {
	};
	objectVersion = 46;
	objects = {

/* Begin PBXBuildFile section */
		8A2E272A1949555C00960F1B /* Foundation.framework in Frameworks */ = {isa = PBXBuildFile; fileRef = 8A2E27291949555C00960F1B /* Foundation.framework */; };
		8A2E272C1949555C00960F1B /* CoreGraphics.framework in Frameworks */ = {isa = PBXBuildFile; fileRef = 8A2E272B1949555C00960F1B /* CoreGraphics.framework */; };
		8A2E272E1949555C00960F1B /* UIKit.framework in Frameworks */ = {isa = PBXBuildFile; fileRef = 8A2E272D1949555C00960F1B /* UIKit.framework */; };
		8A2E27341949555C00960F1B /* InfoPlist.strings in Resources */ = {isa = PBXBuildFile; fileRef = 8A2E27321949555C00960F1B /* InfoPlist.strings */; };
		8A2E27361949555C00960F1B /* main.m in Sources */ = {isa = PBXBuildFile; fileRef = 8A2E27351949555C00960F1B /* main.m */; };
		8A2E273A1949555C00960F1B /* AppDelegate.m in Sources */ = {isa = PBXBuildFile; fileRef = 8A2E27391949555C00960F1B /* AppDelegate.m */; };
		8A2E273D1949555C00960F1B /* Main.storyboard in Resources */ = {isa = PBXBuildFile; fileRef = 8A2E273B1949555C00960F1B /* Main.storyboard */; };
		8A2E27401949555C00960F1B /* ViewController.m in Sources */ = {isa = PBXBuildFile; fileRef = 8A2E273F1949555C00960F1B /* ViewController.m */; };
		8A2E27421949555C00960F1B /* Images.xcassets in Resources */ = {isa = PBXBuildFile; fileRef = 8A2E27411949555C00960F1B /* Images.xcassets */; };
		8A2E27491949555C00960F1B /* XCTest.framework in Frameworks */ = {isa = PBXBuildFile; fileRef = 8A2E27481949555C00960F1B /* XCTest.framework */; };
		8A2E274A1949555C00960F1B /* Foundation.framework in Frameworks */ = {isa = PBXBuildFile; fileRef = 8A2E27291949555C00960F1B /* Foundation.framework */; };
		8A2E274B1949555C00960F1B /* UIKit.framework in Frameworks */ = {isa = PBXBuildFile; fileRef = 8A2E272D1949555C00960F1B /* UIKit.framework */; };
		8A2E27531949555C00960F1B /* InfoPlist.strings in Resources */ = {isa = PBXBuildFile; fileRef = 8A2E27511949555C00960F1B /* InfoPlist.strings */; };
		8A2E27551949555C00960F1B /* HelloTests.m in Sources */ = {isa = PBXBuildFile; fileRef = 8A2E27541949555C00960F1B /* HelloTests.m */; };
/* End PBXBuildFile section */

/* Begin PBXContainerItemProxy section */
		8A2E274C1949555C00960F1B /* PBXContainerItemProxy */ = {
			isa = PBXContainerItemProxy;
			containerPortal = 8A2E271E1949555C00960F1B /* Project object */;
			proxyType = 1;
			remoteGlobalIDString = 8A2E27251949555C00960F1B;
			remoteInfo = Hello;
		};
/* End PBXContainerItemProxy section */

/* Begin PBXFileReference section */
		8A2E27261949555C00960F1B /* Hello.app */ = {isa = PBXFileReference; explicitFileType = wrapper.application; includeInIndex = 0; path = Hello.app; sourceTree = BUILT_PRODUCTS_DIR; };
		8A2E27291949555C00960F1B /* Foundation.framework */ = {isa = PBXFileReference; lastKnownFileType = wrapper.framework; name = Foundation.framework; path = System/Library/Frameworks/Foundation.framework; sourceTree = SDKROOT; };
		8A2E272B1949555C00960F1B /* CoreGraphics.framework */ = {isa = PBXFileReference; lastKnownFileType = wrapper.framework; name = CoreGraphics.framework; path = System/Library/Frameworks/CoreGraphics.framework; sourceTree = SDKROOT; };
		8A2E272D1949555C00960F1B /* UIKit.framework */ = {isa = PBXFileReference; lastKnownFileType = wrapper.framework; name = UIKit.framework; path = System/Library/Frameworks/UIKit.framework; sourceTree = SDKROOT; };
		8A2E27311949555C00960F1B /* Hello-Info.plist */ = {isa = PBXFileReference; lastKnownFileType = text.plist.xml; path = "Hello-Info.plist"; sourceTree = "<group>"; };
		8A2E27331949555C00960F1B /* en */ = {isa = PBXFileReference; lastKnownFileType = text.plist.strings; name = en; path = en.lproj/InfoPlist.strings; sourceTree = "<group>"; };
		8A2E27351949555C00960F1B /* main.m */ = {isa = PBXFileReference; lastKnownFileType = sourcecode.c.objc; path = main.m; sourceTree = "<group>"; };
		8A2E27371949555C00960F1B /* Hello-Prefix.pch */ = {isa = PBXFileReference; lastKnownFileType = sourcecode.c.h; path = "Hello-Prefix.pch"; sourceTree = "<group>"; };
		8A2E27381949555C00960F1B /* AppDelegate.h */ = {isa = PBXFileReference; lastKnownFileType = sourcecode.c.h; path = AppDelegate.h; sourceTree = "<group>"; };
		8A2E27391949555C00960F1B /* AppDelegate.m */ = {isa = PBXFileReference; lastKnownFileType = sourcecode.c.objc; path = AppDelegate.m; sourceTree = "<group>"; };
		8A2E273C1949555C00960F1B /* Base */ = {isa = PBXFileReference; lastKnownFileType = file.storyboard; name = Base; path = Base.lproj/Main.storyboard; sourceTree = "<group>"; };
		8A2E273E1949555C00960F1B /* ViewController.h */ = {isa = PBXFileReference; lastKnownFileType = sourcecode.c.h; path = ViewController.h; sourceTree = "<group>"; };
		8A2E273F1949555C00960F1B /* ViewController.m */ = {isa = PBXFileReference; lastKnownFileType = sourcecode.c.objc; path = ViewController.m; sourceTree = "<group>"; };
		8A2E27411949555C00960F1B /* Images.xcassets */ = {isa = PBXFileReference; lastKnownFileType = folder.assetcatalog; path = Images.xcassets; sourceTree = "<group>"; };
		8A2E27471949555C00960F1B /* HelloTests.xctest */ = {isa = PBXFileReference; explicitFileType = wrapper.cfbundle; includeInIndex = 0; path = HelloTests.xctest; sourceTree = BUILT_PRODUCTS_DIR; };
		8A2E27481949555C00960F1B /* XCTest.framework */ = {isa = PBXFileReference; lastKnownFileType = wrapper.framework; name = XCTest.framework; path = Library/Frameworks/XCTest.framework; sourceTree = DEVELOPER_DIR; };
		8A2E27501949555C00960F1B /* HelloTests-Info.plist */ = {isa = PBXFileReference; lastKnownFileType = text.plist.xml; path = "HelloTests-Info.plist"; sourceTree = "<group>"; };
		8A2E27521949555C00960F1B /* en */ = {isa = PBXFileReference; lastKnownFileType = text.plist.strings; name = en; path = en.lproj/InfoPlist.strings; sourceTree = "<group>"; };
		8A2E27541949555C00960F1B /* HelloTests.m */ = {isa = PBXFileReference; lastKnownFileType = sourcecode.c.objc; path = HelloTests.m; sourceTree = "<group>"; };
/* End PBXFileReference section */

/* Begin PBXFrameworksBuildPhase section */
		8A2E27231949555C00960F1B /* Frameworks */ = {
			isa = PBXFrameworksBuildPhase;
			buildActionMask = 2147483647;
			files = (
				8A2E272C1949555C00960F1B /* CoreGraphics.framework in Frameworks */,
				8A2E272E1949555C00960F1B /* UIKit.framework in Frameworks */,
				8A2E272A1949555C00960F1B /* Foundation.framework in Frameworks */,
			);
			runOnlyForDeploymentPostprocessing = 0;
		};
		8A2E27441949555C00960F1B /* Frameworks */ = {
			isa = PBXFrameworksBuildPhase;
			buildActionMask = 2147483647;
			files = (
				8A2E27491949555C00960F1B /* XCTest.framework in Frameworks */,
				8A2E274B1949555C00960F1B /* UIKit.framework in Frameworks */,
				8A2E274A1949555C00960F1B /* Foundation.framework in Frameworks */,
			);
			runOnlyForDeploymentPostprocessing = 0;
		};
/* End PBXFrameworksBuildPhase section */

/* Begin PBXGroup section */
		8A2E271D1949555C00960F1B = {
			isa = PBXGroup;
			children = (
				8A2E272F1949555C00960F1B /* Hello */,
				8A2E274E1949555C00960F1B /* HelloTests */,
				8A2E27281949555C00960F1B /* Frameworks */,
				8A2E27271949555C00960F1B /* Products */,
			);
			sourceTree = "<group>";
		};
		8A2E27271949555C00960F1B /* Products */ = {
			isa = PBXGroup;
			children = (
				8A2E27261949555C00960F1B /* Hello.app */,
				8A2E27471949555C00960F1B /* HelloTests.xctest */,
			);
			name = Products;
			sourceTree = "<group>";
		};
		8A2E27281949555C00960F1B /* Frameworks */ = {
			isa = PBXGroup;
			children = (
				8A2E27291949555C00960F1B /* Foundation.framework */,
				8A2E272B1949555C00960F1B /* CoreGraphics.framework */,
				8A2E272D1949555C00960F1B /* UIKit.framework */,
				8A2E27481949555C00960F1B /* XCTest.framework */,
			);
			name = Frameworks;
			sourceTree = "<group>";
		};
		8A2E272F1949555C00960F1B /* Hello */ = {
			isa = PBXGroup;
			children = (
				8A2E27381949555C00960F1B /* AppDelegate.h */,
				8A2E27391949555C00960F1B /* AppDelegate.m */,
				8A2E273B1949555C00960F1B /* Main.storyboard */,
				8A2E273E1949555C00960F1B /* ViewController.h */,
				8A2E273F1949555C00960F1B /* ViewController.m */,
				8A2E27411949555C00960F1B /* Images.xcassets */,
				8A2E27301949555C00960F1B /* Supporting Files */,
			);
			path = Hello;
			sourceTree = "<group>";
		};
		8A2E27301949555C00960F1B /* Supporting Files */ = {
			isa = PBXGroup;
			children = (
				8A2E27311949555C00960F1B /* Hello-Info.plist */,
				8A2E27321949555C00960F1B /* InfoPlist.strings */,
				8A2E27351949555C00960F1B /* main.m */,
				8A2E27371949555C00960F1B /* Hello-Prefix.pch */,
			);
			name = "Supporting Files";
			sourceTree = "<group>";
		};
		8A2E274E1949555C00960F1B /* HelloTests */ = {
			isa = PBXGroup;
			children = (
				8A2E27541949555C00960F1B /* HelloTests.m */,
				8A2E274F1949555C00960F1B /* Supporting Files */,
			);
			path = HelloTests;
			sourceTree = "<group>";
		};
		8A2E274F1949555C00960F1B /* Supporting Files */ = {
			isa = PBXGroup;
			children = (
				8A2E27501949555C00960F1B /* HelloTests-Info.plist */,
				8A2E27511949555C00960F1B /* InfoPlist.strings */,
			);
			name = "Supporting Files";
			sourceTree = "<group>";
		};
/* End PBXGroup section */

/* Begin PBXNativeTarget section */
		8A2E27251949555C00960F1B /* Hello */ = {
			isa = PBXNativeTarget;
			buildConfigurationList = 8A2E27581949555C00960F1B /* Build configuration list for PBXNativeTarget "Hello" */;
			buildPhases = (
				8A2E27221949555C00960F1B /* Sources */,
				8A2E27231949555C00960F1B /* Frameworks */,
				8A2E27241949555C00960F1B /* Resources */,
			);
			buildRules = (
			);
			dependencies = (
			);
			name = Hello;
			productName = Hello;
			productReference = 8A2E27261949555C00960F1B /* Hello.app */;
			productType = "com.apple.product-type.application";
		};
		8A2E27461949555C00960F1B /* HelloTests */ = {
			isa = PBXNativeTarget;
			buildConfigurationList = 8A2E275B1949555C00960F1B /* Build configuration list for PBXNativeTarget "HelloTests" */;
			buildPhases = (
				8A2E27431949555C00960F1B /* Sources */,
				8A2E27441949555C00960F1B /* Frameworks */,
				8A2E27451949555C00960F1B /* Resources */,
			);
			buildRules = (
			);
			dependencies = (
				8A2E274D1949555C00960F1B /* PBXTargetDependency */,
			);
			name = HelloTests;
			productName = HelloTests;
			productReference = 8A2E27471949555C00960F1B /* HelloTests.xctest */;
			productType = "com.apple.product-type.bundle.unit-test";
		};
/* End PBXNativeTarget section */

/* Begin PBXProject section */
		8A2E271E1949555C00960F1B /* Project object */ = {
			isa = PBXProject;
			attributes = {
				LastUpgradeCheck = 0510;
				ORGANIZATIONNAME = "yuma kimura";
				TargetAttributes = {
					8A2E27461949555C00960F1B = {
						TestTargetID = 8A2E27251949555C00960F1B;
					};
				};
			};
			buildConfigurationList = 8A2E27211949555C00960F1B /* Build configuration list for PBXProject "Hello" */;
			compatibilityVersion = "Xcode 3.2";
			developmentRegion = English;
			hasScannedForEncodings = 0;
			knownRegions = (
				en,
				Base,
			);
			mainGroup = 8A2E271D1949555C00960F1B;
			productRefGroup = 8A2E27271949555C00960F1B /* Products */;
			projectDirPath = "";
			projectRoot = "";
			targets = (
				8A2E27251949555C00960F1B /* Hello */,
				8A2E27461949555C00960F1B /* HelloTests */,
			);
		};
/* End PBXProject section */

/* Begin PBXResourcesBuildPhase section */
		8A2E27241949555C00960F1B /* Resources */ = {
			isa = PBXResourcesBuildPhase;
			buildActionMask = 2147483647;
			files = (
				8A2E27421949555C00960F1B /* Images.xcassets in Resources */,
				8A2E27341949555C00960F1B /* InfoPlist.strings in Resources */,
				8A2E273D1949555C00960F1B /* Main.storyboard in Resources */,
			);
			runOnlyForDeploymentPostprocessing = 0;
		};
		8A2E27451949555C00960F1B /* Resources */ = {
			isa = PBXResourcesBuildPhase;
			buildActionMask = 2147483647;
			files = (
				8A2E27531949555C00960F1B /* InfoPlist.strings in Resources */,
			);
			runOnlyForDeploymentPostprocessing = 0;
		};
/* End PBXResourcesBuildPhase section */

/* Begin PBXSourcesBuildPhase section */
		8A2E27221949555C00960F1B /* Sources */ = {
			isa = PBXSourcesBuildPhase;
			buildActionMask = 2147483647;
			files = (
				8A2E27401949555C00960F1B /* ViewController.m in Sources */,
				8A2E273A1949555C00960F1B /* AppDelegate.m in Sources */,
				8A2E27361949555C00960F1B /* main.m in Sources */,
			);
			runOnlyForDeploymentPostprocessing = 0;
		};
		8A2E27431949555C00960F1B /* Sources */ = {
			isa = PBXSourcesBuildPhase;
			buildActionMask = 2147483647;
			files = (
				8A2E27551949555C00960F1B /* HelloTests.m in Sources */,
			);
			runOnlyForDeploymentPostprocessing = 0;
		};
/* End PBXSourcesBuildPhase section */

/* Begin PBXTargetDependency section */
		8A2E274D1949555C00960F1B /* PBXTargetDependency */ = {
			isa = PBXTargetDependency;
			target = 8A2E27251949555C00960F1B /* Hello */;
			targetProxy = 8A2E274C1949555C00960F1B /* PBXContainerItemProxy */;
		};
/* End PBXTargetDependency section */

/* Begin PBXVariantGroup section */
		8A2E27321949555C00960F1B /* InfoPlist.strings */ = {
			isa = PBXVariantGroup;
			children = (
				8A2E27331949555C00960F1B /* en */,
			);
			name = InfoPlist.strings;
			sourceTree = "<group>";
		};
		8A2E273B1949555C00960F1B /* Main.storyboard */ = {
			isa = PBXVariantGroup;
			children = (
				8A2E273C1949555C00960F1B /* Base */,
			);
			name = Main.storyboard;
			sourceTree = "<group>";
		};
		8A2E27511949555C00960F1B /* InfoPlist.strings */ = {
			isa = PBXVariantGroup;
			children = (
				8A2E27521949555C00960F1B /* en */,
			);
			name = InfoPlist.strings;
			sourceTree = "<group>";
		};
/* End PBXVariantGroup section */

/* Begin XCBuildConfiguration section */
		8A2E27561949555C00960F1B /* Debug */ = {
			isa = XCBuildConfiguration;
			buildSettings = {
				ALWAYS_SEARCH_USER_PATHS = NO;
				CLANG_CXX_LANGUAGE_STANDARD = "gnu++0x";
				CLANG_CXX_LIBRARY = "libc++";
				CLANG_ENABLE_MODULES = YES;
				CLANG_ENABLE_OBJC_ARC = YES;
				CLANG_WARN_BOOL_CONVERSION = YES;
				CLANG_WARN_CONSTANT_CONVERSION = YES;
				CLANG_WARN_DIRECT_OBJC_ISA_USAGE = YES_ERROR;
				CLANG_WARN_EMPTY_BODY = YES;
				CLANG_WARN_ENUM_CONVERSION = YES;
				CLANG_WARN_INT_CONVERSION = YES;
				CLANG_WARN_OBJC_ROOT_CLASS = YES_ERROR;
				CLANG_WARN__DUPLICATE_METHOD_MATCH = YES;
				"CODE_SIGN_IDENTITY[sdk=iphoneos*]" = "iPhone Developer";
				COPY_PHASE_STRIP = NO;
				GCC_C_LANGUAGE_STANDARD = gnu99;
				GCC_DYNAMIC_NO_PIC = NO;
				GCC_OPTIMIZATION_LEVEL = 0;
				GCC_PREPROCESSOR_DEFINITIONS = (
					"DEBUG=1",
					"$(inherited)",
				);
				GCC_SYMBOLS_PRIVATE_EXTERN = NO;
				GCC_WARN_64_TO_32_BIT_CONVERSION = YES;
				GCC_WARN_ABOUT_RETURN_TYPE = YES_ERROR;
				GCC_WARN_UNDECLARED_SELECTOR = YES;
				GCC_WARN_UNINITIALIZED_AUTOS = YES_AGGRESSIVE;
				GCC_WARN_UNUSED_FUNCTION = YES;
				GCC_WARN_UNUSED_VARIABLE = YES;
				IPHONEOS_DEPLOYMENT_TARGET = 7.1;
				ONLY_ACTIVE_ARCH = YES;
				SDKROOT = iphoneos;
			};
			name = Debug;
		};
		8A2E27571949555C00960F1B /* Release */ = {
			isa = XCBuildConfiguration;
			buildSettings = {
				ALWAYS_SEARCH_USER_PATHS = NO;
				CLANG_CXX_LANGUAGE_STANDARD = "gnu++0x";
				CLANG_CXX_LIBRARY = "libc++";
				CLANG_ENABLE_MODULES = YES;
				CLANG_ENABLE_OBJC_ARC = YES;
				CLANG_WARN_BOOL_CONVERSION = YES;
				CLANG_WARN_CONSTANT_CONVERSION = YES;
				CLANG_WARN_DIRECT_OBJC_ISA_USAGE = YES_ERROR;
				CLANG_WARN_EMPTY_BODY = YES;
				CLANG_WARN_ENUM_CONVERSION = YES;
				CLANG_WARN_INT_CONVERSION = YES;
				CLANG_WARN_OBJC_ROOT_CLASS = YES_ERROR;
				CLANG_WARN__DUPLICATE_METHOD_MATCH = YES;
				"CODE_SIGN_IDENTITY[sdk=iphoneos*]" = "iPhone Developer";
				COPY_PHASE_STRIP = YES;
				ENABLE_NS_ASSERTIONS = NO;
				GCC_C_LANGUAGE_STANDARD = gnu99;
				GCC_WARN_64_TO_32_BIT_CONVERSION = YES;
				GCC_WARN_ABOUT_RETURN_TYPE = YES_ERROR;
				GCC_WARN_UNDECLARED_SELECTOR = YES;
				GCC_WARN_UNINITIALIZED_AUTOS = YES_AGGRESSIVE;
				GCC_WARN_UNUSED_FUNCTION = YES;
				GCC_WARN_UNUSED_VARIABLE = YES;
				IPHONEOS_DEPLOYMENT_TARGET = 7.1;
				SDKROOT = iphoneos;
				VALIDATE_PRODUCT = YES;
			};
			name = Release;
		};
		8A2E27591949555C00960F1B /* Debug */ = {
			isa = XCBuildConfiguration;
			buildSettings = {
				ASSETCATALOG_COMPILER_APPICON_NAME = AppIcon;
				ASSETCATALOG_COMPILER_LAUNCHIMAGE_NAME = LaunchImage;
				GCC_PRECOMPILE_PREFIX_HEADER = YES;
				GCC_PREFIX_HEADER = "Hello/Hello-Prefix.pch";
				INFOPLIST_FILE = "Hello/Hello-Info.plist";
				PRODUCT_NAME = "$(TARGET_NAME)";
				WRAPPER_EXTENSION = app;
			};
			name = Debug;
		};
		8A2E275A1949555C00960F1B /* Release */ = {
			isa = XCBuildConfiguration;
			buildSettings = {
				ASSETCATALOG_COMPILER_APPICON_NAME = AppIcon;
				ASSETCATALOG_COMPILER_LAUNCHIMAGE_NAME = LaunchImage;
				GCC_PRECOMPILE_PREFIX_HEADER = YES;
				GCC_PREFIX_HEADER = "Hello/Hello-Prefix.pch";
				INFOPLIST_FILE = "Hello/Hello-Info.plist";
				PRODUCT_NAME = "$(TARGET_NAME)";
				WRAPPER_EXTENSION = app;
			};
			name = Release;
		};
		8A2E275C1949555C00960F1B /* Debug */ = {
			isa = XCBuildConfiguration;
			buildSettings = {
				BUNDLE_LOADER = "$(BUILT_PRODUCTS_DIR)/Hello.app/Hello";
				FRAMEWORK_SEARCH_PATHS = (
					"$(SDKROOT)/Developer/Library/Frameworks",
					"$(inherited)",
					"$(DEVELOPER_FRAMEWORKS_DIR)",
				);
				GCC_PRECOMPILE_PREFIX_HEADER = YES;
				GCC_PREFIX_HEADER = "Hello/Hello-Prefix.pch";
				GCC_PREPROCESSOR_DEFINITIONS = (
					"DEBUG=1",
					"$(inherited)",
				);
				INFOPLIST_FILE = "HelloTests/HelloTests-Info.plist";
				PRODUCT_NAME = "$(TARGET_NAME)";
				TEST_HOST = "$(BUNDLE_LOADER)";
				WRAPPER_EXTENSION = xctest;
			};
			name = Debug;
		};
		8A2E275D1949555C00960F1B /* Release */ = {
			isa = XCBuildConfiguration;
			buildSettings = {
				BUNDLE_LOADER = "$(BUILT_PRODUCTS_DIR)/Hello.app/Hello";
				FRAMEWORK_SEARCH_PATHS = (
					"$(SDKROOT)/Developer/Library/Frameworks",
					"$(inherited)",
					"$(DEVELOPER_FRAMEWORKS_DIR)",
				);
				GCC_PRECOMPILE_PREFIX_HEADER = YES;
				GCC_PREFIX_HEADER = "Hello/Hello-Prefix.pch";
				INFOPLIST_FILE = "HelloTests/HelloTests-Info.plist";
				PRODUCT_NAME = "$(TARGET_NAME)";
				TEST_HOST = "$(BUNDLE_LOADER)";
				WRAPPER_EXTENSION = xctest;
			};
			name = Release;
		};
/* End XCBuildConfiguration section */

/* Begin XCConfigurationList section */
		8A2E27211949555C00960F1B /* Build configuration list for PBXProject "Hello" */ = {
			isa = XCConfigurationList;
			buildConfigurations = (
				8A2E27561949555C00960F1B /* Debug */,
				8A2E27571949555C00960F1B /* Release */,
			);
			defaultConfigurationIsVisible = 0;
			defaultConfigurationName = Release;
		};
		8A2E27581949555C00960F1B /* Build configuration list for PBXNativeTarget "Hello" */ = {
			isa = XCConfigurationList;
			buildConfigurations = (
				8A2E27591949555C00960F1B /* Debug */,
				8A2E275A1949555C00960F1B /* Release */,
			);
			defaultConfigurationIsVisible = 0;
		};
		8A2E275B1949555C00960F1B /* Build configuration list for PBXNativeTarget "HelloTests" */ = {
			isa = XCConfigurationList;
			buildConfigurations = (
				8A2E275C1949555C00960F1B /* Debug */,
				8A2E275D1949555C00960F1B /* Release */,
			);
			defaultConfigurationIsVisible = 0;
		};
/* End XCConfigurationList section */
	};
	rootObject = 8A2E271E1949555C00960F1B /* Project object */;
}
